// !$*UTF8*$!
{
	archiveVersion = 1;
	classes = {
	};
	objectVersion = 46;
	objects = {

/* Begin PBXBuildFile section */
		C79205101EBAB6AC001AD658 /* AppDelegate.swift in Sources */ = {isa = PBXBuildFile; fileRef = C792050F1EBAB6AC001AD658 /* AppDelegate.swift */; };
		C79205121EBAB6AC001AD658 /* ViewController.swift in Sources */ = {isa = PBXBuildFile; fileRef = C79205111EBAB6AC001AD658 /* ViewController.swift */; };
		C79205151EBAB6AC001AD658 /* Main.storyboard in Resources */ = {isa = PBXBuildFile; fileRef = C79205131EBAB6AC001AD658 /* Main.storyboard */; };
		C79205171EBAB6AC001AD658 /* Assets.xcassets in Resources */ = {isa = PBXBuildFile; fileRef = C79205161EBAB6AC001AD658 /* Assets.xcassets */; };
		C792051A1EBAB6AC001AD658 /* LaunchScreen.storyboard in Resources */ = {isa = PBXBuildFile; fileRef = C79205181EBAB6AC001AD658 /* LaunchScreen.storyboard */; };
		C79205251EBAB6AC001AD658 /* GitDemoDPTests.swift in Sources */ = {isa = PBXBuildFile; fileRef = C79205241EBAB6AC001AD658 /* GitDemoDPTests.swift */; };
		C79205301EBAB6AC001AD658 /* GitDemoDPUITests.swift in Sources */ = {isa = PBXBuildFile; fileRef = C792052F1EBAB6AC001AD658 /* GitDemoDPUITests.swift */; };
/* End PBXBuildFile section */

/* Begin PBXContainerItemProxy section */
		C79205211EBAB6AC001AD658 /* PBXContainerItemProxy */ = {
			isa = PBXContainerItemProxy;
			containerPortal = C79205041EBAB6AC001AD658 /* Project object */;
			proxyType = 1;
			remoteGlobalIDString = C792050B1EBAB6AC001AD658;
			remoteInfo = GitDemoDP;
		};
		C792052C1EBAB6AC001AD658 /* PBXContainerItemProxy */ = {
			isa = PBXContainerItemProxy;
			containerPortal = C79205041EBAB6AC001AD658 /* Project object */;
			proxyType = 1;
			remoteGlobalIDString = C792050B1EBAB6AC001AD658;
			remoteInfo = GitDemoDP;
		};
/* End PBXContainerItemProxy section */

/* Begin PBXFileReference section */
		C792050C1EBAB6AC001AD658 /* GitDemoDP.app */ = {isa = PBXFileReference; explicitFileType = wrapper.application; includeInIndex = 0; path = GitDemoDP.app; sourceTree = BUILT_PRODUCTS_DIR; };
		C792050F1EBAB6AC001AD658 /* AppDelegate.swift */ = {isa = PBXFileReference; lastKnownFileType = sourcecode.swift; path = AppDelegate.swift; sourceTree = "<group>"; };
		C79205111EBAB6AC001AD658 /* ViewController.swift */ = {isa = PBXFileReference; lastKnownFileType = sourcecode.swift; path = ViewController.swift; sourceTree = "<group>"; };
		C79205141EBAB6AC001AD658 /* Base */ = {isa = PBXFileReference; lastKnownFileType = file.storyboard; name = Base; path = Base.lproj/Main.storyboard; sourceTree = "<group>"; };
		C79205161EBAB6AC001AD658 /* Assets.xcassets */ = {isa = PBXFileReference; lastKnownFileType = folder.assetcatalog; path = Assets.xcassets; sourceTree = "<group>"; };
		C79205191EBAB6AC001AD658 /* Base */ = {isa = PBXFileReference; lastKnownFileType = file.storyboard; name = Base; path = Base.lproj/LaunchScreen.storyboard; sourceTree = "<group>"; };
		C792051B1EBAB6AC001AD658 /* Info.plist */ = {isa = PBXFileReference; lastKnownFileType = text.plist.xml; path = Info.plist; sourceTree = "<group>"; };
		C79205201EBAB6AC001AD658 /* GitDemoDPTests.xctest */ = {isa = PBXFileReference; explicitFileType = wrapper.cfbundle; includeInIndex = 0; path = GitDemoDPTests.xctest; sourceTree = BUILT_PRODUCTS_DIR; };
		C79205241EBAB6AC001AD658 /* GitDemoDPTests.swift */ = {isa = PBXFileReference; lastKnownFileType = sourcecode.swift; path = GitDemoDPTests.swift; sourceTree = "<group>"; };
		C79205261EBAB6AC001AD658 /* Info.plist */ = {isa = PBXFileReference; lastKnownFileType = text.plist.xml; path = Info.plist; sourceTree = "<group>"; };
		C792052B1EBAB6AC001AD658 /* GitDemoDPUITests.xctest */ = {isa = PBXFileReference; explicitFileType = wrapper.cfbundle; includeInIndex = 0; path = GitDemoDPUITests.xctest; sourceTree = BUILT_PRODUCTS_DIR; };
		C792052F1EBAB6AC001AD658 /* GitDemoDPUITests.swift */ = {isa = PBXFileReference; lastKnownFileType = sourcecode.swift; path = GitDemoDPUITests.swift; sourceTree = "<group>"; };
		C79205311EBAB6AC001AD658 /* Info.plist */ = {isa = PBXFileReference; lastKnownFileType = text.plist.xml; path = Info.plist; sourceTree = "<group>"; };
/* End PBXFileReference section */

/* Begin PBXFrameworksBuildPhase section */
		C79205091EBAB6AC001AD658 /* Frameworks */ = {
			isa = PBXFrameworksBuildPhase;
			buildActionMask = 2147483647;
			files = (
			);
			runOnlyForDeploymentPostprocessing = 0;
		};
		C792051D1EBAB6AC001AD658 /* Frameworks */ = {
			isa = PBXFrameworksBuildPhase;
			buildActionMask = 2147483647;
			files = (
			);
			runOnlyForDeploymentPostprocessing = 0;
		};
		C79205281EBAB6AC001AD658 /* Frameworks */ = {
			isa = PBXFrameworksBuildPhase;
			buildActionMask = 2147483647;
			files = (
			);
			runOnlyForDeploymentPostprocessing = 0;
		};
/* End PBXFrameworksBuildPhase section */

/* Begin PBXGroup section */
		C79205031EBAB6AC001AD658 = {
			isa = PBXGroup;
			children = (
				C792050E1EBAB6AC001AD658 /* GitDemoDP */,
				C79205231EBAB6AC001AD658 /* GitDemoDPTests */,
				C792052E1EBAB6AC001AD658 /* GitDemoDPUITests */,
				C792050D1EBAB6AC001AD658 /* Products */,
			);
			sourceTree = "<group>";
		};
		C792050D1EBAB6AC001AD658 /* Products */ = {
			isa = PBXGroup;
			children = (
				C792050C1EBAB6AC001AD658 /* GitDemoDP.app */,
				C79205201EBAB6AC001AD658 /* GitDemoDPTests.xctest */,
				C792052B1EBAB6AC001AD658 /* GitDemoDPUITests.xctest */,
			);
			name = Products;
			sourceTree = "<group>";
		};
		C792050E1EBAB6AC001AD658 /* GitDemoDP */ = {
			isa = PBXGroup;
			children = (
				C792050F1EBAB6AC001AD658 /* AppDelegate.swift */,
				C79205111EBAB6AC001AD658 /* ViewController.swift */,
				C79205131EBAB6AC001AD658 /* Main.storyboard */,
				C79205161EBAB6AC001AD658 /* Assets.xcassets */,
				C79205181EBAB6AC001AD658 /* LaunchScreen.storyboard */,
				C792051B1EBAB6AC001AD658 /* Info.plist */,
			);
			path = GitDemoDP;
			sourceTree = "<group>";
		};
		C79205231EBAB6AC001AD658 /* GitDemoDPTests */ = {
			isa = PBXGroup;
			children = (
				C79205241EBAB6AC001AD658 /* GitDemoDPTests.swift */,
				C79205261EBAB6AC001AD658 /* Info.plist */,
			);
			path = GitDemoDPTests;
			sourceTree = "<group>";
		};
		C792052E1EBAB6AC001AD658 /* GitDemoDPUITests */ = {
			isa = PBXGroup;
			children = (
				C792052F1EBAB6AC001AD658 /* GitDemoDPUITests.swift */,
				C79205311EBAB6AC001AD658 /* Info.plist */,
			);
			path = GitDemoDPUITests;
			sourceTree = "<group>";
		};
/* End PBXGroup section */

/* Begin PBXNativeTarget section */
		C792050B1EBAB6AC001AD658 /* GitDemoDP */ = {
			isa = PBXNativeTarget;
			buildConfigurationList = C79205341EBAB6AC001AD658 /* Build configuration list for PBXNativeTarget "GitDemoDP" */;
			buildPhases = (
				C79205081EBAB6AC001AD658 /* Sources */,
				C79205091EBAB6AC001AD658 /* Frameworks */,
				C792050A1EBAB6AC001AD658 /* Resources */,
			);
			buildRules = (
			);
			dependencies = (
			);
			name = GitDemoDP;
			productName = GitDemoDP;
			productReference = C792050C1EBAB6AC001AD658 /* GitDemoDP.app */;
			productType = "com.apple.product-type.application";
		};
		C792051F1EBAB6AC001AD658 /* GitDemoDPTests */ = {
			isa = PBXNativeTarget;
			buildConfigurationList = C79205371EBAB6AC001AD658 /* Build configuration list for PBXNativeTarget "GitDemoDPTests" */;
			buildPhases = (
				C792051C1EBAB6AC001AD658 /* Sources */,
				C792051D1EBAB6AC001AD658 /* Frameworks */,
				C792051E1EBAB6AC001AD658 /* Resources */,
			);
			buildRules = (
			);
			dependencies = (
				C79205221EBAB6AC001AD658 /* PBXTargetDependency */,
			);
			name = GitDemoDPTests;
			productName = GitDemoDPTests;
			productReference = C79205201EBAB6AC001AD658 /* GitDemoDPTests.xctest */;
			productType = "com.apple.product-type.bundle.unit-test";
		};
		C792052A1EBAB6AC001AD658 /* GitDemoDPUITests */ = {
			isa = PBXNativeTarget;
			buildConfigurationList = C792053A1EBAB6AC001AD658 /* Build configuration list for PBXNativeTarget "GitDemoDPUITests" */;
			buildPhases = (
				C79205271EBAB6AC001AD658 /* Sources */,
				C79205281EBAB6AC001AD658 /* Frameworks */,
				C79205291EBAB6AC001AD658 /* Resources */,
			);
			buildRules = (
			);
			dependencies = (
				C792052D1EBAB6AC001AD658 /* PBXTargetDependency */,
			);
			name = GitDemoDPUITests;
			productName = GitDemoDPUITests;
			productReference = C792052B1EBAB6AC001AD658 /* GitDemoDPUITests.xctest */;
			productType = "com.apple.product-type.bundle.ui-testing";
		};
/* End PBXNativeTarget section */

/* Begin PBXProject section */
		C79205041EBAB6AC001AD658 /* Project object */ = {
			isa = PBXProject;
			attributes = {
				LastSwiftUpdateCheck = 0830;
				LastUpgradeCheck = 0830;
				ORGANIZATIONNAME = "Doug Ploughman";
				TargetAttributes = {
					C792050B1EBAB6AC001AD658 = {
						CreatedOnToolsVersion = 8.3.2;
						DevelopmentTeam = E688Z888C8;
						ProvisioningStyle = Automatic;
					};
					C792051F1EBAB6AC001AD658 = {
						CreatedOnToolsVersion = 8.3.2;
						DevelopmentTeam = E688Z888C8;
						ProvisioningStyle = Automatic;
						TestTargetID = C792050B1EBAB6AC001AD658;
					};
					C792052A1EBAB6AC001AD658 = {
						CreatedOnToolsVersion = 8.3.2;
						DevelopmentTeam = E688Z888C8;
						ProvisioningStyle = Automatic;
						TestTargetID = C792050B1EBAB6AC001AD658;
					};
				};
			};
			buildConfigurationList = C79205071EBAB6AC001AD658 /* Build configuration list for PBXProject "GitDemoDP" */;
			compatibilityVersion = "Xcode 3.2";
			developmentRegion = English;
			hasScannedForEncodings = 0;
			knownRegions = (
				en,
				Base,
			);
			mainGroup = C79205031EBAB6AC001AD658;
			productRefGroup = C792050D1EBAB6AC001AD658 /* Products */;
			projectDirPath = "";
			projectRoot = "";
			targets = (
				C792050B1EBAB6AC001AD658 /* GitDemoDP */,
				C792051F1EBAB6AC001AD658 /* GitDemoDPTests */,
				C792052A1EBAB6AC001AD658 /* GitDemoDPUITests */,
			);
		};
/* End PBXProject section */

/* Begin PBXResourcesBuildPhase section */
		C792050A1EBAB6AC001AD658 /* Resources */ = {
			isa = PBXResourcesBuildPhase;
			buildActionMask = 2147483647;
			files = (
				C792051A1EBAB6AC001AD658 /* LaunchScreen.storyboard in Resources */,
				C79205171EBAB6AC001AD658 /* Assets.xcassets in Resources */,
				C79205151EBAB6AC001AD658 /* Main.storyboard in Resources */,
			);
			runOnlyForDeploymentPostprocessing = 0;
		};
		C792051E1EBAB6AC001AD658 /* Resources */ = {
			isa = PBXResourcesBuildPhase;
			buildActionMask = 2147483647;
			files = (
			);
			runOnlyForDeploymentPostprocessing = 0;
		};
		C79205291EBAB6AC001AD658 /* Resources */ = {
			isa = PBXResourcesBuildPhase;
			buildActionMask = 2147483647;
			files = (
			);
			runOnlyForDeploymentPostprocessing = 0;
		};
/* End PBXResourcesBuildPhase section */

/* Begin PBXSourcesBuildPhase section */
		C79205081EBAB6AC001AD658 /* Sources */ = {
			isa = PBXSourcesBuildPhase;
			buildActionMask = 2147483647;
			files = (
				C79205121EBAB6AC001AD658 /* ViewController.swift in Sources */,
				C79205101EBAB6AC001AD658 /* AppDelegate.swift in Sources */,
			);
			runOnlyForDeploymentPostprocessing = 0;
		};
		C792051C1EBAB6AC001AD658 /* Sources */ = {
			isa = PBXSourcesBuildPhase;
			buildActionMask = 2147483647;
			files = (
				C79205251EBAB6AC001AD658 /* GitDemoDPTests.swift in Sources */,
			);
			runOnlyForDeploymentPostprocessing = 0;
		};
		C79205271EBAB6AC001AD658 /* Sources */ = {
			isa = PBXSourcesBuildPhase;
			buildActionMask = 2147483647;
			files = (
				C79205301EBAB6AC001AD658 /* GitDemoDPUITests.swift in Sources */,
			);
			runOnlyForDeploymentPostprocessing = 0;
		};
/* End PBXSourcesBuildPhase section */

/* Begin PBXTargetDependency section */
		C79205221EBAB6AC001AD658 /* PBXTargetDependency */ = {
			isa = PBXTargetDependency;
			target = C792050B1EBAB6AC001AD658 /* GitDemoDP */;
			targetProxy = C79205211EBAB6AC001AD658 /* PBXContainerItemProxy */;
		};
		C792052D1EBAB6AC001AD658 /* PBXTargetDependency */ = {
			isa = PBXTargetDependency;
			target = C792050B1EBAB6AC001AD658 /* GitDemoDP */;
			targetProxy = C792052C1EBAB6AC001AD658 /* PBXContainerItemProxy */;
		};
/* End PBXTargetDependency section */

/* Begin PBXVariantGroup section */
		C79205131EBAB6AC001AD658 /* Main.storyboard */ = {
			isa = PBXVariantGroup;
			children = (
				C79205141EBAB6AC001AD658 /* Base */,
			);
			name = Main.storyboard;
			sourceTree = "<group>";
		};
		C79205181EBAB6AC001AD658 /* LaunchScreen.storyboard */ = {
			isa = PBXVariantGroup;
			children = (
				C79205191EBAB6AC001AD658 /* Base */,
			);
			name = LaunchScreen.storyboard;
			sourceTree = "<group>";
		};
/* End PBXVariantGroup section */

/* Begin XCBuildConfiguration section */
		C79205321EBAB6AC001AD658 /* Debug */ = {
			isa = XCBuildConfiguration;
			buildSettings = {
				ALWAYS_SEARCH_USER_PATHS = NO;
				CLANG_ANALYZER_NONNULL = YES;
				CLANG_ANALYZER_NUMBER_OBJECT_CONVERSION = YES_AGGRESSIVE;
				CLANG_CXX_LANGUAGE_STANDARD = "gnu++0x";
				CLANG_CXX_LIBRARY = "libc++";
				CLANG_ENABLE_MODULES = YES;
				CLANG_ENABLE_OBJC_ARC = YES;
				CLANG_WARN_BOOL_CONVERSION = YES;
				CLANG_WARN_CONSTANT_CONVERSION = YES;
				CLANG_WARN_DIRECT_OBJC_ISA_USAGE = YES_ERROR;
				CLANG_WARN_DOCUMENTATION_COMMENTS = YES;
				CLANG_WARN_EMPTY_BODY = YES;
				CLANG_WARN_ENUM_CONVERSION = YES;
				CLANG_WARN_INFINITE_RECURSION = YES;
				CLANG_WARN_INT_CONVERSION = YES;
				CLANG_WARN_OBJC_ROOT_CLASS = YES_ERROR;
				CLANG_WARN_SUSPICIOUS_MOVE = YES;
				CLANG_WARN_UNREACHABLE_CODE = YES;
				CLANG_WARN__DUPLICATE_METHOD_MATCH = YES;
				"CODE_SIGN_IDENTITY[sdk=iphoneos*]" = "iPhone Developer";
				COPY_PHASE_STRIP = NO;
				DEBUG_INFORMATION_FORMAT = dwarf;
				ENABLE_STRICT_OBJC_MSGSEND = YES;
				ENABLE_TESTABILITY = YES;
				GCC_C_LANGUAGE_STANDARD = gnu99;
				GCC_DYNAMIC_NO_PIC = NO;
				GCC_NO_COMMON_BLOCKS = YES;
				GCC_OPTIMIZATION_LEVEL = 0;
				GCC_PREPROCESSOR_DEFINITIONS = (
					"DEBUG=1",
					"$(inherited)",
				);
				GCC_WARN_64_TO_32_BIT_CONVERSION = YES;
				GCC_WARN_ABOUT_RETURN_TYPE = YES_ERROR;
				GCC_WARN_UNDECLARED_SELECTOR = YES;
				GCC_WARN_UNINITIALIZED_AUTOS = YES_AGGRESSIVE;
				GCC_WARN_UNUSED_FUNCTION = YES;
				GCC_WARN_UNUSED_VARIABLE = YES;
				IPHONEOS_DEPLOYMENT_TARGET = 10.3;
				MTL_ENABLE_DEBUG_INFO = YES;
				ONLY_ACTIVE_ARCH = YES;
				SDKROOT = iphoneos;
				SWIFT_ACTIVE_COMPILATION_CONDITIONS = DEBUG;
				SWIFT_OPTIMIZATION_LEVEL = "-Onone";
				TARGETED_DEVICE_FAMILY = "1,2";
			};
			name = Debug;
		};
		C79205331EBAB6AC001AD658 /* Release */ = {
			isa = XCBuildConfiguration;
			buildSettings = {
				ALWAYS_SEARCH_USER_PATHS = NO;
				CLANG_ANALYZER_NONNULL = YES;
				CLANG_ANALYZER_NUMBER_OBJECT_CONVERSION = YES_AGGRESSIVE;
				CLANG_CXX_LANGUAGE_STANDARD = "gnu++0x";
				CLANG_CXX_LIBRARY = "libc++";
				CLANG_ENABLE_MODULES = YES;
				CLANG_ENABLE_OBJC_ARC = YES;
				CLANG_WARN_BOOL_CONVERSION = YES;
				CLANG_WARN_CONSTANT_CONVERSION = YES;
				CLANG_WARN_DIRECT_OBJC_ISA_USAGE = YES_ERROR;
				CLANG_WARN_DOCUMENTATION_COMMENTS = YES;
				CLANG_WARN_EMPTY_BODY = YES;
				CLANG_WARN_ENUM_CONVERSION = YES;
				CLANG_WARN_INFINITE_RECURSION = YES;
				CLANG_WARN_INT_CONVERSION = YES;
				CLANG_WARN_OBJC_ROOT_CLASS = YES_ERROR;
				CLANG_WARN_SUSPICIOUS_MOVE = YES;
				CLANG_WARN_UNREACHABLE_CODE = YES;
				CLANG_WARN__DUPLICATE_METHOD_MATCH = YES;
				"CODE_SIGN_IDENTITY[sdk=iphoneos*]" = "iPhone Developer";
				COPY_PHASE_STRIP = NO;
				DEBUG_INFORMATION_FORMAT = "dwarf-with-dsym";
				ENABLE_NS_ASSERTIONS = NO;
				ENABLE_STRICT_OBJC_MSGSEND = YES;
				GCC_C_LANGUAGE_STANDARD = gnu99;
				GCC_NO_COMMON_BLOCKS = YES;
				GCC_WARN_64_TO_32_BIT_CONVERSION = YES;
				GCC_WARN_ABOUT_RETURN_TYPE = YES_ERROR;
				GCC_WARN_UNDECLARED_SELECTOR = YES;
				GCC_WARN_UNINITIALIZED_AUTOS = YES_AGGRESSIVE;
				GCC_WARN_UNUSED_FUNCTION = YES;
				GCC_WARN_UNUSED_VARIABLE = YES;
				IPHONEOS_DEPLOYMENT_TARGET = 10.3;
				MTL_ENABLE_DEBUG_INFO = NO;
				SDKROOT = iphoneos;
				SWIFT_OPTIMIZATION_LEVEL = "-Owholemodule";
				TARGETED_DEVICE_FAMILY = "1,2";
				VALIDATE_PRODUCT = YES;
			};
			name = Release;
		};
		C79205351EBAB6AC001AD658 /* Debug */ = {
			isa = XCBuildConfiguration;
			buildSettings = {
				ASSETCATALOG_COMPILER_APPICON_NAME = AppIcon;
				DEVELOPMENT_TEAM = E688Z888C8;
				INFOPLIST_FILE = GitDemoDP/Info.plist;
				LD_RUNPATH_SEARCH_PATHS = "$(inherited) @executable_path/Frameworks";
				PRODUCT_BUNDLE_IDENTIFIER = com.dougploughman.GitDemoDP;
				PRODUCT_NAME = "$(TARGET_NAME)";
				SWIFT_VERSION = 3.0;
			};
			name = Debug;
		};
		C79205361EBAB6AC001AD658 /* Release */ = {
			isa = XCBuildConfiguration;
			buildSettings = {
				ASSETCATALOG_COMPILER_APPICON_NAME = AppIcon;
				DEVELOPMENT_TEAM = E688Z888C8;
				INFOPLIST_FILE = GitDemoDP/Info.plist;
				LD_RUNPATH_SEARCH_PATHS = "$(inherited) @executable_path/Frameworks";
				PRODUCT_BUNDLE_IDENTIFIER = com.dougploughman.GitDemoDP;
				PRODUCT_NAME = "$(TARGET_NAME)";
				SWIFT_VERSION = 3.0;
			};
			name = Release;
		};
		C79205381EBAB6AC001AD658 /* Debug */ = {
			isa = XCBuildConfiguration;
			buildSettings = {
				ALWAYS_EMBED_SWIFT_STANDARD_LIBRARIES = YES;
				BUNDLE_LOADER = "$(TEST_HOST)";
				DEVELOPMENT_TEAM = E688Z888C8;
				INFOPLIST_FILE = GitDemoDPTests/Info.plist;
				LD_RUNPATH_SEARCH_PATHS = "$(inherited) @executable_path/Frameworks @loader_path/Frameworks";
				PRODUCT_BUNDLE_IDENTIFIER = com.dougploughman.GitDemoDPTests;
				PRODUCT_NAME = "$(TARGET_NAME)";
				SWIFT_VERSION = 3.0;
				TEST_HOST = "$(BUILT_PRODUCTS_DIR)/GitDemoDP.app/GitDemoDP";
			};
			name = Debug;
		};
		C79205391EBAB6AC001AD658 /* Release */ = {
			isa = XCBuildConfiguration;
			buildSettings = {
				ALWAYS_EMBED_SWIFT_STANDARD_LIBRARIES = YES;
				BUNDLE_LOADER = "$(TEST_HOST)";
				DEVELOPMENT_TEAM = E688Z888C8;
				INFOPLIST_FILE = GitDemoDPTests/Info.plist;
				LD_RUNPATH_SEARCH_PATHS = "$(inherited) @executable_path/Frameworks @loader_path/Frameworks";
				PRODUCT_BUNDLE_IDENTIFIER = com.dougploughman.GitDemoDPTests;
				PRODUCT_NAME = "$(TARGET_NAME)";
				SWIFT_VERSION = 3.0;
				TEST_HOST = "$(BUILT_PRODUCTS_DIR)/GitDemoDP.app/GitDemoDP";
			};
			name = Release;
		};
		C792053B1EBAB6AC001AD658 /* Debug */ = {
			isa = XCBuildConfiguration;
			buildSettings = {
				ALWAYS_EMBED_SWIFT_STANDARD_LIBRARIES = YES;
				DEVELOPMENT_TEAM = E688Z888C8;
				INFOPLIST_FILE = GitDemoDPUITests/Info.plist;
				LD_RUNPATH_SEARCH_PATHS = "$(inherited) @executable_path/Frameworks @loader_path/Frameworks";
				PRODUCT_BUNDLE_IDENTIFIER = com.dougploughman.GitDemoDPUITests;
				PRODUCT_NAME = "$(TARGET_NAME)";
				SWIFT_VERSION = 3.0;
				TEST_TARGET_NAME = GitDemoDP;
			};
			name = Debug;
		};
		C792053C1EBAB6AC001AD658 /* Release */ = {
			isa = XCBuildConfiguration;
			buildSettings = {
				ALWAYS_EMBED_SWIFT_STANDARD_LIBRARIES = YES;
				DEVELOPMENT_TEAM = E688Z888C8;
				INFOPLIST_FILE = GitDemoDPUITests/Info.plist;
				LD_RUNPATH_SEARCH_PATHS = "$(inherited) @executable_path/Frameworks @loader_path/Frameworks";
				PRODUCT_BUNDLE_IDENTIFIER = com.dougploughman.GitDemoDPUITests;
				PRODUCT_NAME = "$(TARGET_NAME)";
				SWIFT_VERSION = 3.0;
				TEST_TARGET_NAME = GitDemoDP;
			};
			name = Release;
		};
/* End XCBuildConfiguration section */

/* Begin XCConfigurationList section */
		C79205071EBAB6AC001AD658 /* Build configuration list for PBXProject "GitDemoDP" */ = {
			isa = XCConfigurationList;
			buildConfigurations = (
				C79205321EBAB6AC001AD658 /* Debug */,
				C79205331EBAB6AC001AD658 /* Release */,
			);
			defaultConfigurationIsVisible = 0;
			defaultConfigurationName = Release;
		};
		C79205341EBAB6AC001AD658 /* Build configuration list for PBXNativeTarget "GitDemoDP" */ = {
			isa = XCConfigurationList;
			buildConfigurations = (
				C79205351EBAB6AC001AD658 /* Debug */,
				C79205361EBAB6AC001AD658 /* Release */,
			);
			defaultConfigurationIsVisible = 0;
		};
		C79205371EBAB6AC001AD658 /* Build configuration list for PBXNativeTarget "GitDemoDPTests" */ = {
			isa = XCConfigurationList;
			buildConfigurations = (
				C79205381EBAB6AC001AD658 /* Debug */,
				C79205391EBAB6AC001AD658 /* Release */,
			);
			defaultConfigurationIsVisible = 0;
		};
		C792053A1EBAB6AC001AD658 /* Build configuration list for PBXNativeTarget "GitDemoDPUITests" */ = {
			isa = XCConfigurationList;
			buildConfigurations = (
				C792053B1EBAB6AC001AD658 /* Debug */,
				C792053C1EBAB6AC001AD658 /* Release */,
			);
			defaultConfigurationIsVisible = 0;
		};
/* End XCConfigurationList section */
	};
	rootObject = C79205041EBAB6AC001AD658 /* Project object */;
}
